// !$*UTF8*$!
{
	archiveVersion = 1;
	classes = {
	};
	objectVersion = 46;
	objects = {

/* Begin PBXBuildFile section */
		31E5EF0918DDF79600B7541D /* Foundation.framework in Frameworks */ = {isa = PBXBuildFile; fileRef = 31E5EF0818DDF79600B7541D /* Foundation.framework */; };
		31E5EF0B18DDF79600B7541D /* CoreGraphics.framework in Frameworks */ = {isa = PBXBuildFile; fileRef = 31E5EF0A18DDF79600B7541D /* CoreGraphics.framework */; };
		31E5EF0D18DDF79600B7541D /* UIKit.framework in Frameworks */ = {isa = PBXBuildFile; fileRef = 31E5EF0C18DDF79600B7541D /* UIKit.framework */; };
		31E5EF1318DDF79600B7541D /* InfoPlist.strings in Resources */ = {isa = PBXBuildFile; fileRef = 31E5EF1118DDF79600B7541D /* InfoPlist.strings */; };
		31E5EF1518DDF79600B7541D /* main.m in Sources */ = {isa = PBXBuildFile; fileRef = 31E5EF1418DDF79600B7541D /* main.m */; };
		31E5EF1918DDF79600B7541D /* AppDelegate.m in Sources */ = {isa = PBXBuildFile; fileRef = 31E5EF1818DDF79600B7541D /* AppDelegate.m */; };
		31E5EF1B18DDF79600B7541D /* Images.xcassets in Resources */ = {isa = PBXBuildFile; fileRef = 31E5EF1A18DDF79600B7541D /* Images.xcassets */; };
		31E5EF2218DDF79600B7541D /* XCTest.framework in Frameworks */ = {isa = PBXBuildFile; fileRef = 31E5EF2118DDF79600B7541D /* XCTest.framework */; };
		31E5EF2318DDF79600B7541D /* Foundation.framework in Frameworks */ = {isa = PBXBuildFile; fileRef = 31E5EF0818DDF79600B7541D /* Foundation.framework */; };
		31E5EF2418DDF79600B7541D /* UIKit.framework in Frameworks */ = {isa = PBXBuildFile; fileRef = 31E5EF0C18DDF79600B7541D /* UIKit.framework */; };
		31E5EF2C18DDF79600B7541D /* InfoPlist.strings in Resources */ = {isa = PBXBuildFile; fileRef = 31E5EF2A18DDF79600B7541D /* InfoPlist.strings */; };
		31E5EF2E18DDF79600B7541D /* IOSLiiffeeTests.m in Sources */ = {isa = PBXBuildFile; fileRef = 31E5EF2D18DDF79600B7541D /* IOSLiiffeeTests.m */; };
		43FD676818DE7E5000B6FA88 /* LiiffeeBusinessAnnotation.m in Sources */ = {isa = PBXBuildFile; fileRef = 43FD676718DE7E5000B6FA88 /* LiiffeeBusinessAnnotation.m */; };
		74C440E2956121A51DF12D0C /* CFNetwork.framework in Frameworks */ = {isa = PBXBuildFile; fileRef = 74C44AEE2CED274A29687700 /* CFNetwork.framework */; };
		74C44220FF1AB9096F039F0B /* EGOCache+NSArray.m in Sources */ = {isa = PBXBuildFile; fileRef = 74C44E43665FD4338F051702 /* EGOCache+NSArray.m */; };
		74C4426A0E2F4F79E75149D4 /* UIColor+LiiFUtils.m in Sources */ = {isa = PBXBuildFile; fileRef = 74C4433A7D32DFFA976A2AEB /* UIColor+LiiFUtils.m */; };
		74C4432B034E1FC8322AE865 /* LiiFMapViewModel.m in Sources */ = {isa = PBXBuildFile; fileRef = 74C44098919921A0B19ED4D1 /* LiiFMapViewModel.m */; };
		74C4444FA6EDC0A96EB7C3FA /* LiiF3rdPartyEngine.m in Sources */ = {isa = PBXBuildFile; fileRef = 74C44A435CD5001E7460B256 /* LiiF3rdPartyEngine.m */; };
		74C444B9A1013E5F4A12AD68 /* LiiFBusinessPlaceViewController.m in Sources */ = {isa = PBXBuildFile; fileRef = 74C44B88606C654CFA544676 /* LiiFBusinessPlaceViewController.m */; };
		74C4455338DAB1D625A9357F /* MapKit.framework in Frameworks */ = {isa = PBXBuildFile; fileRef = 74C44CC8DAB3AE7FCE46EEBB /* MapKit.framework */; };
		74C445B02FF31AD27A02B4B9 /* SystemConfiguration.framework in Frameworks */ = {isa = PBXBuildFile; fileRef = 74C44EC4BAC35F69633A7475 /* SystemConfiguration.framework */; };
		74C445EF8FA6C8D548D2ABE5 /* LiiFInfoCellView.m in Sources */ = {isa = PBXBuildFile; fileRef = 74C445273A98CB1765801D2E /* LiiFInfoCellView.m */; };
		74C4461E04BED5FA25D6B722 /* UIFont+LiiFUtils.m in Sources */ = {isa = PBXBuildFile; fileRef = 74C447453C61084FE6D8B6E2 /* UIFont+LiiFUtils.m */; };
		74C44629AB656270A3C38726 /* LiiFBusinessPlaceViewModel.m in Sources */ = {isa = PBXBuildFile; fileRef = 74C4470B4F0AB51CD5355846 /* LiiFBusinessPlaceViewModel.m */; };
		74C447014D4D3C7B753C5C47 /* LiiFBusinessPlaceCollectionFlowLayout.m in Sources */ = {isa = PBXBuildFile; fileRef = 74C4449E36819DC24F1FE9D7 /* LiiFBusinessPlaceCollectionFlowLayout.m */; };
		74C44714C48D0EE6A6E4669E /* LiiFImageCellView.m in Sources */ = {isa = PBXBuildFile; fileRef = 74C4462C6C9121A3D84D4871 /* LiiFImageCellView.m */; };
		74C4477F889F88044189C2C7 /* CoreData.framework in Frameworks */ = {isa = PBXBuildFile; fileRef = 74C44457CFB314BD216C3D46 /* CoreData.framework */; };
		74C448D7F10C3892C0168E37 /* CoreLocation.framework in Frameworks */ = {isa = PBXBuildFile; fileRef = 74C44F86856576F4427F190F /* CoreLocation.framework */; };
		74C4495F11B0A8EF2E846EB4 /* CoreImage.framework in Frameworks */ = {isa = PBXBuildFile; fileRef = 74C44D56C5D5BBA463FB2E88 /* CoreImage.framework */; };
		74C44B3FB57ADCE6C7B4084D /* MobileCoreServices.framework in Frameworks */ = {isa = PBXBuildFile; fileRef = 74C449213526D5FEFCEA60B8 /* MobileCoreServices.framework */; };
		74C44BA944B8602C73980077 /* Security.framework in Frameworks */ = {isa = PBXBuildFile; fileRef = 74C444D19E80B3B977E3085F /* Security.framework */; };
		74C44BDE7C3E14EDE73B4FA6 /* LiiFTitleCellView.m in Sources */ = {isa = PBXBuildFile; fileRef = 74C44A5020AC99253D6D52BE /* LiiFTitleCellView.m */; };
		74C44D6E413C2A250A0BED0C /* LiiFToolbarCellView.m in Sources */ = {isa = PBXBuildFile; fileRef = 74C44851706974DCF7B26390 /* LiiFToolbarCellView.m */; };
		74C44D738576DE440EB2FAAB /* LiiFExploreMapViewController.m in Sources */ = {isa = PBXBuildFile; fileRef = 74C4476348E1F05AF0F37CD6 /* LiiFExploreMapViewController.m */; };
		74C44D930E95A79B9FDDA8B3 /* CoreGraphics.framework in Frameworks */ = {isa = PBXBuildFile; fileRef = 31E5EF0A18DDF79600B7541D /* CoreGraphics.framework */; };
		74C44FC569E56AC38B17C1C2 /* CoreText.framework in Frameworks */ = {isa = PBXBuildFile; fileRef = 74C44A1837591BFFCE122E65 /* CoreText.framework */; };
		C93D09D8C5B743DFB447BFA1 /* libPods-IOSLiiffee.a in Frameworks */ = {isa = PBXBuildFile; fileRef = E098CB18A80340EBB04138CB /* libPods-IOSLiiffee.a */; };
/* End PBXBuildFile section */

/* Begin PBXContainerItemProxy section */
		31E5EF2518DDF79600B7541D /* PBXContainerItemProxy */ = {
			isa = PBXContainerItemProxy;
			containerPortal = 31E5EEFD18DDF79600B7541D /* Project object */;
			proxyType = 1;
			remoteGlobalIDString = 31E5EF0418DDF79600B7541D;
			remoteInfo = IOSLiiffee;
		};
/* End PBXContainerItemProxy section */

/* Begin PBXFileReference section */
		31E5EF0518DDF79600B7541D /* IOSLiiffee.app */ = {isa = PBXFileReference; explicitFileType = wrapper.application; includeInIndex = 0; path = IOSLiiffee.app; sourceTree = BUILT_PRODUCTS_DIR; };
		31E5EF0818DDF79600B7541D /* Foundation.framework */ = {isa = PBXFileReference; lastKnownFileType = wrapper.framework; name = Foundation.framework; path = System/Library/Frameworks/Foundation.framework; sourceTree = SDKROOT; };
		31E5EF0A18DDF79600B7541D /* CoreGraphics.framework */ = {isa = PBXFileReference; lastKnownFileType = wrapper.framework; name = CoreGraphics.framework; path = System/Library/Frameworks/CoreGraphics.framework; sourceTree = SDKROOT; };
		31E5EF0C18DDF79600B7541D /* UIKit.framework */ = {isa = PBXFileReference; lastKnownFileType = wrapper.framework; name = UIKit.framework; path = System/Library/Frameworks/UIKit.framework; sourceTree = SDKROOT; };
		31E5EF1018DDF79600B7541D /* IOSLiiffee-Info.plist */ = {isa = PBXFileReference; lastKnownFileType = text.plist.xml; path = "IOSLiiffee-Info.plist"; sourceTree = "<group>"; };
		31E5EF1218DDF79600B7541D /* en */ = {isa = PBXFileReference; lastKnownFileType = text.plist.strings; name = en; path = en.lproj/InfoPlist.strings; sourceTree = "<group>"; };
		31E5EF1418DDF79600B7541D /* main.m */ = {isa = PBXFileReference; lastKnownFileType = sourcecode.c.objc; path = main.m; sourceTree = "<group>"; };
		31E5EF1618DDF79600B7541D /* IOSLiiffee-Prefix.pch */ = {isa = PBXFileReference; lastKnownFileType = sourcecode.c.h; path = "IOSLiiffee-Prefix.pch"; sourceTree = "<group>"; };
		31E5EF1718DDF79600B7541D /* AppDelegate.h */ = {isa = PBXFileReference; lastKnownFileType = sourcecode.c.h; path = AppDelegate.h; sourceTree = "<group>"; };
		31E5EF1818DDF79600B7541D /* AppDelegate.m */ = {isa = PBXFileReference; lastKnownFileType = sourcecode.c.objc; path = AppDelegate.m; sourceTree = "<group>"; };
		31E5EF1A18DDF79600B7541D /* Images.xcassets */ = {isa = PBXFileReference; lastKnownFileType = folder.assetcatalog; path = Images.xcassets; sourceTree = "<group>"; };
		31E5EF2018DDF79600B7541D /* IOSLiiffeeTests.xctest */ = {isa = PBXFileReference; explicitFileType = wrapper.cfbundle; includeInIndex = 0; path = IOSLiiffeeTests.xctest; sourceTree = BUILT_PRODUCTS_DIR; };
		31E5EF2118DDF79600B7541D /* XCTest.framework */ = {isa = PBXFileReference; lastKnownFileType = wrapper.framework; name = XCTest.framework; path = Library/Frameworks/XCTest.framework; sourceTree = DEVELOPER_DIR; };
		31E5EF2918DDF79600B7541D /* IOSLiiffeeTests-Info.plist */ = {isa = PBXFileReference; lastKnownFileType = text.plist.xml; path = "IOSLiiffeeTests-Info.plist"; sourceTree = "<group>"; };
		31E5EF2B18DDF79600B7541D /* en */ = {isa = PBXFileReference; lastKnownFileType = text.plist.strings; name = en; path = en.lproj/InfoPlist.strings; sourceTree = "<group>"; };
		31E5EF2D18DDF79600B7541D /* IOSLiiffeeTests.m */ = {isa = PBXFileReference; lastKnownFileType = sourcecode.c.objc; path = IOSLiiffeeTests.m; sourceTree = "<group>"; };
		43FD676618DE7E5000B6FA88 /* LiiffeeBusinessAnnotation.h */ = {isa = PBXFileReference; fileEncoding = 4; lastKnownFileType = sourcecode.c.h; path = LiiffeeBusinessAnnotation.h; sourceTree = "<group>"; };
		43FD676718DE7E5000B6FA88 /* LiiffeeBusinessAnnotation.m */ = {isa = PBXFileReference; fileEncoding = 4; lastKnownFileType = sourcecode.c.objc; path = LiiffeeBusinessAnnotation.m; sourceTree = "<group>"; };
		74C44098919921A0B19ED4D1 /* LiiFMapViewModel.m */ = {isa = PBXFileReference; fileEncoding = 4; lastKnownFileType = sourcecode.c.objc; path = LiiFMapViewModel.m; sourceTree = "<group>"; };
		74C44170F8F52248DA5225AD /* LiiFBusinessPlaceViewController.h */ = {isa = PBXFileReference; fileEncoding = 4; lastKnownFileType = sourcecode.c.h; path = LiiFBusinessPlaceViewController.h; sourceTree = "<group>"; };
		74C44321703F2371D482B7CD /* LiiFTitleCellView.h */ = {isa = PBXFileReference; fileEncoding = 4; lastKnownFileType = sourcecode.c.h; path = LiiFTitleCellView.h; sourceTree = "<group>"; };
		74C4433A7D32DFFA976A2AEB /* UIColor+LiiFUtils.m */ = {isa = PBXFileReference; fileEncoding = 4; lastKnownFileType = sourcecode.c.objc; path = "UIColor+LiiFUtils.m"; sourceTree = "<group>"; };
		74C4441CB2CE97FAA5F2AE2B /* README.md */ = {isa = PBXFileReference; lastKnownFileType = file.md; path = README.md; sourceTree = "<group>"; };
		74C44457CFB314BD216C3D46 /* CoreData.framework */ = {isa = PBXFileReference; lastKnownFileType = wrapper.framework; name = CoreData.framework; path = System/Library/Frameworks/CoreData.framework; sourceTree = SDKROOT; };
		74C4447E1597EEBDA62B2C29 /* LiiFBusinessPlaceCollectionFlowLayout.h */ = {isa = PBXFileReference; fileEncoding = 4; lastKnownFileType = sourcecode.c.h; path = LiiFBusinessPlaceCollectionFlowLayout.h; sourceTree = "<group>"; };
		74C4449E36819DC24F1FE9D7 /* LiiFBusinessPlaceCollectionFlowLayout.m */ = {isa = PBXFileReference; fileEncoding = 4; lastKnownFileType = sourcecode.c.objc; path = LiiFBusinessPlaceCollectionFlowLayout.m; sourceTree = "<group>"; };
		74C444D19E80B3B977E3085F /* Security.framework */ = {isa = PBXFileReference; lastKnownFileType = wrapper.framework; name = Security.framework; path = System/Library/Frameworks/Security.framework; sourceTree = SDKROOT; };
		74C445273A98CB1765801D2E /* LiiFInfoCellView.m */ = {isa = PBXFileReference; fileEncoding = 4; lastKnownFileType = sourcecode.c.objc; path = LiiFInfoCellView.m; sourceTree = "<group>"; };
		74C4462C6C9121A3D84D4871 /* LiiFImageCellView.m */ = {isa = PBXFileReference; fileEncoding = 4; lastKnownFileType = sourcecode.c.objc; path = LiiFImageCellView.m; sourceTree = "<group>"; };
		74C4470B4F0AB51CD5355846 /* LiiFBusinessPlaceViewModel.m */ = {isa = PBXFileReference; fileEncoding = 4; lastKnownFileType = sourcecode.c.objc; path = LiiFBusinessPlaceViewModel.m; sourceTree = "<group>"; };
		74C447453C61084FE6D8B6E2 /* UIFont+LiiFUtils.m */ = {isa = PBXFileReference; fileEncoding = 4; lastKnownFileType = sourcecode.c.objc; path = "UIFont+LiiFUtils.m"; sourceTree = "<group>"; };
		74C4476348E1F05AF0F37CD6 /* LiiFExploreMapViewController.m */ = {isa = PBXFileReference; fileEncoding = 4; lastKnownFileType = sourcecode.c.objc; path = LiiFExploreMapViewController.m; sourceTree = "<group>"; };
		74C44851706974DCF7B26390 /* LiiFToolbarCellView.m */ = {isa = PBXFileReference; fileEncoding = 4; lastKnownFileType = sourcecode.c.objc; path = LiiFToolbarCellView.m; sourceTree = "<group>"; };
		74C449213526D5FEFCEA60B8 /* MobileCoreServices.framework */ = {isa = PBXFileReference; lastKnownFileType = wrapper.framework; name = MobileCoreServices.framework; path = System/Library/Frameworks/MobileCoreServices.framework; sourceTree = SDKROOT; };
		74C4492CD714C9A6BDF132FE /* LiiFBusinessPlaceViewModel.h */ = {isa = PBXFileReference; fileEncoding = 4; lastKnownFileType = sourcecode.c.h; path = LiiFBusinessPlaceViewModel.h; sourceTree = "<group>"; };
		74C44A15B951960B0DDCC283 /* EGOCache+NSArray.h */ = {isa = PBXFileReference; fileEncoding = 4; lastKnownFileType = sourcecode.c.h; path = "EGOCache+NSArray.h"; sourceTree = "<group>"; };
		74C44A1837591BFFCE122E65 /* CoreText.framework */ = {isa = PBXFileReference; lastKnownFileType = wrapper.framework; name = CoreText.framework; path = System/Library/Frameworks/CoreText.framework; sourceTree = SDKROOT; };
		74C44A435CD5001E7460B256 /* LiiF3rdPartyEngine.m */ = {isa = PBXFileReference; fileEncoding = 4; lastKnownFileType = sourcecode.c.objc; path = LiiF3rdPartyEngine.m; sourceTree = "<group>"; };
		74C44A5020AC99253D6D52BE /* LiiFTitleCellView.m */ = {isa = PBXFileReference; fileEncoding = 4; lastKnownFileType = sourcecode.c.objc; path = LiiFTitleCellView.m; sourceTree = "<group>"; };
		74C44AEE2CED274A29687700 /* CFNetwork.framework */ = {isa = PBXFileReference; lastKnownFileType = wrapper.framework; name = CFNetwork.framework; path = System/Library/Frameworks/CFNetwork.framework; sourceTree = SDKROOT; };
		74C44B88606C654CFA544676 /* LiiFBusinessPlaceViewController.m */ = {isa = PBXFileReference; fileEncoding = 4; lastKnownFileType = sourcecode.c.objc; path = LiiFBusinessPlaceViewController.m; sourceTree = "<group>"; };
		74C44C492C73A5194BA1A834 /* LiiFInfoCellView.h */ = {isa = PBXFileReference; fileEncoding = 4; lastKnownFileType = sourcecode.c.h; path = LiiFInfoCellView.h; sourceTree = "<group>"; };
		74C44CC8DAB3AE7FCE46EEBB /* MapKit.framework */ = {isa = PBXFileReference; lastKnownFileType = wrapper.framework; name = MapKit.framework; path = System/Library/Frameworks/MapKit.framework; sourceTree = SDKROOT; };
		74C44D02484554945611D47F /* LiiFMapViewModel.h */ = {isa = PBXFileReference; fileEncoding = 4; lastKnownFileType = sourcecode.c.h; path = LiiFMapViewModel.h; sourceTree = "<group>"; };
		74C44D0E811F0AB9F22C1D4C /* LiiFToolbarCellView.h */ = {isa = PBXFileReference; fileEncoding = 4; lastKnownFileType = sourcecode.c.h; path = LiiFToolbarCellView.h; sourceTree = "<group>"; };
		74C44D56C5D5BBA463FB2E88 /* CoreImage.framework */ = {isa = PBXFileReference; lastKnownFileType = wrapper.framework; name = CoreImage.framework; path = System/Library/Frameworks/CoreImage.framework; sourceTree = SDKROOT; };
		74C44D60A789A73E2258502A /* LiiFImageCellView.h */ = {isa = PBXFileReference; fileEncoding = 4; lastKnownFileType = sourcecode.c.h; path = LiiFImageCellView.h; sourceTree = "<group>"; };
		74C44DBBC3E8B3CBD84C22FA /* LiiFExploreMapViewController.h */ = {isa = PBXFileReference; fileEncoding = 4; lastKnownFileType = sourcecode.c.h; path = LiiFExploreMapViewController.h; sourceTree = "<group>"; };
		74C44E43665FD4338F051702 /* EGOCache+NSArray.m */ = {isa = PBXFileReference; fileEncoding = 4; lastKnownFileType = sourcecode.c.objc; path = "EGOCache+NSArray.m"; sourceTree = "<group>"; };
		74C44E4E230CB918955DF1E3 /* UIColor+LiiFUtils.h */ = {isa = PBXFileReference; fileEncoding = 4; lastKnownFileType = sourcecode.c.h; path = "UIColor+LiiFUtils.h"; sourceTree = "<group>"; };
		74C44E685B034CC47A2DDA2F /* UIFont+LiiFUtils.h */ = {isa = PBXFileReference; fileEncoding = 4; lastKnownFileType = sourcecode.c.h; path = "UIFont+LiiFUtils.h"; sourceTree = "<group>"; };
		74C44EC4BAC35F69633A7475 /* SystemConfiguration.framework */ = {isa = PBXFileReference; lastKnownFileType = wrapper.framework; name = SystemConfiguration.framework; path = System/Library/Frameworks/SystemConfiguration.framework; sourceTree = SDKROOT; };
		74C44EC7AECE82C628FA2E6F /* LiiF3rdPartyEngine.h */ = {isa = PBXFileReference; fileEncoding = 4; lastKnownFileType = sourcecode.c.h; path = LiiF3rdPartyEngine.h; sourceTree = "<group>"; };
		74C44F86856576F4427F190F /* CoreLocation.framework */ = {isa = PBXFileReference; lastKnownFileType = wrapper.framework; name = CoreLocation.framework; path = System/Library/Frameworks/CoreLocation.framework; sourceTree = SDKROOT; };
		E098CB18A80340EBB04138CB /* libPods-IOSLiiffee.a */ = {isa = PBXFileReference; explicitFileType = archive.ar; includeInIndex = 0; path = "libPods-IOSLiiffee.a"; sourceTree = BUILT_PRODUCTS_DIR; };
		FE4E21B45C004EE4B98BFA3A /* Pods-IOSLiiffee.xcconfig */ = {isa = PBXFileReference; includeInIndex = 1; lastKnownFileType = text.xcconfig; name = "Pods-IOSLiiffee.xcconfig"; path = "Pods/Pods-IOSLiiffee.xcconfig"; sourceTree = "<group>"; };
/* End PBXFileReference section */

/* Begin PBXFrameworksBuildPhase section */
		31E5EF0218DDF79600B7541D /* Frameworks */ = {
			isa = PBXFrameworksBuildPhase;
			buildActionMask = 2147483647;
			files = (
				31E5EF0B18DDF79600B7541D /* CoreGraphics.framework in Frameworks */,
				31E5EF0D18DDF79600B7541D /* UIKit.framework in Frameworks */,
				31E5EF0918DDF79600B7541D /* Foundation.framework in Frameworks */,
				C93D09D8C5B743DFB447BFA1 /* libPods-IOSLiiffee.a in Frameworks */,
				74C44B3FB57ADCE6C7B4084D /* MobileCoreServices.framework in Frameworks */,
				74C445B02FF31AD27A02B4B9 /* SystemConfiguration.framework in Frameworks */,
				74C448D7F10C3892C0168E37 /* CoreLocation.framework in Frameworks */,
				74C44D930E95A79B9FDDA8B3 /* CoreGraphics.framework in Frameworks */,
				74C44BA944B8602C73980077 /* Security.framework in Frameworks */,
				74C4477F889F88044189C2C7 /* CoreData.framework in Frameworks */,
				74C44FC569E56AC38B17C1C2 /* CoreText.framework in Frameworks */,
				74C440E2956121A51DF12D0C /* CFNetwork.framework in Frameworks */,
				74C4495F11B0A8EF2E846EB4 /* CoreImage.framework in Frameworks */,
				74C4455338DAB1D625A9357F /* MapKit.framework in Frameworks */,
			);
			runOnlyForDeploymentPostprocessing = 0;
		};
		31E5EF1D18DDF79600B7541D /* Frameworks */ = {
			isa = PBXFrameworksBuildPhase;
			buildActionMask = 2147483647;
			files = (
				31E5EF2218DDF79600B7541D /* XCTest.framework in Frameworks */,
				31E5EF2418DDF79600B7541D /* UIKit.framework in Frameworks */,
				31E5EF2318DDF79600B7541D /* Foundation.framework in Frameworks */,
			);
			runOnlyForDeploymentPostprocessing = 0;
		};
/* End PBXFrameworksBuildPhase section */

/* Begin PBXGroup section */
		31E5EEFC18DDF79600B7541D = {
			isa = PBXGroup;
			children = (
				31E5EF0E18DDF79600B7541D /* IOSLiiffee */,
				31E5EF2718DDF79600B7541D /* IOSLiiffeeTests */,
				31E5EF0718DDF79600B7541D /* Frameworks */,
				31E5EF0618DDF79600B7541D /* Products */,
				FE4E21B45C004EE4B98BFA3A /* Pods-IOSLiiffee.xcconfig */,
				74C4441CB2CE97FAA5F2AE2B /* README.md */,
				74C44330B646F5445249045C /* Utils */,
			);
			sourceTree = "<group>";
		};
		31E5EF0618DDF79600B7541D /* Products */ = {
			isa = PBXGroup;
			children = (
				31E5EF0518DDF79600B7541D /* IOSLiiffee.app */,
				31E5EF2018DDF79600B7541D /* IOSLiiffeeTests.xctest */,
			);
			name = Products;
			sourceTree = "<group>";
		};
		31E5EF0718DDF79600B7541D /* Frameworks */ = {
			isa = PBXGroup;
			children = (
				31E5EF0818DDF79600B7541D /* Foundation.framework */,
				31E5EF0A18DDF79600B7541D /* CoreGraphics.framework */,
				31E5EF0C18DDF79600B7541D /* UIKit.framework */,
				31E5EF2118DDF79600B7541D /* XCTest.framework */,
				E098CB18A80340EBB04138CB /* libPods-IOSLiiffee.a */,
				74C449213526D5FEFCEA60B8 /* MobileCoreServices.framework */,
				74C44EC4BAC35F69633A7475 /* SystemConfiguration.framework */,
				74C44F86856576F4427F190F /* CoreLocation.framework */,
				74C444D19E80B3B977E3085F /* Security.framework */,
				74C44457CFB314BD216C3D46 /* CoreData.framework */,
				74C44A1837591BFFCE122E65 /* CoreText.framework */,
				74C44AEE2CED274A29687700 /* CFNetwork.framework */,
				74C44D56C5D5BBA463FB2E88 /* CoreImage.framework */,
				74C44CC8DAB3AE7FCE46EEBB /* MapKit.framework */,
			);
			name = Frameworks;
			sourceTree = "<group>";
		};
		31E5EF0E18DDF79600B7541D /* IOSLiiffee */ = {
			isa = PBXGroup;
			children = (
				31E5EF1718DDF79600B7541D /* AppDelegate.h */,
				31E5EF1818DDF79600B7541D /* AppDelegate.m */,
				31E5EF1A18DDF79600B7541D /* Images.xcassets */,
				31E5EF0F18DDF79600B7541D /* Supporting Files */,
				74C44B9C60222BBBE20CF980 /* ExploreMapView */,
				74C44F5AC64521E23FE08A00 /* BusinessPlace */,
				74C448DEEE70B08DE4C6FFEF /* 3rdPartyAccessors */,
			);
			path = IOSLiiffee;
			sourceTree = "<group>";
		};
		31E5EF0F18DDF79600B7541D /* Supporting Files */ = {
			isa = PBXGroup;
			children = (
				31E5EF1018DDF79600B7541D /* IOSLiiffee-Info.plist */,
				31E5EF1118DDF79600B7541D /* InfoPlist.strings */,
				31E5EF1418DDF79600B7541D /* main.m */,
				31E5EF1618DDF79600B7541D /* IOSLiiffee-Prefix.pch */,
			);
			name = "Supporting Files";
			sourceTree = "<group>";
		};
		31E5EF2718DDF79600B7541D /* IOSLiiffeeTests */ = {
			isa = PBXGroup;
			children = (
				31E5EF2D18DDF79600B7541D /* IOSLiiffeeTests.m */,
				31E5EF2818DDF79600B7541D /* Supporting Files */,
			);
			path = IOSLiiffeeTests;
			sourceTree = "<group>";
		};
		31E5EF2818DDF79600B7541D /* Supporting Files */ = {
			isa = PBXGroup;
			children = (
				31E5EF2918DDF79600B7541D /* IOSLiiffeeTests-Info.plist */,
				31E5EF2A18DDF79600B7541D /* InfoPlist.strings */,
			);
			name = "Supporting Files";
			sourceTree = "<group>";
		};
		74C44330B646F5445249045C /* Utils */ = {
			isa = PBXGroup;
			children = (
				74C44E43665FD4338F051702 /* EGOCache+NSArray.m */,
				74C44A15B951960B0DDCC283 /* EGOCache+NSArray.h */,
				74C44E4E230CB918955DF1E3 /* UIColor+LiiFUtils.h */,
				74C4433A7D32DFFA976A2AEB /* UIColor+LiiFUtils.m */,
				74C44E685B034CC47A2DDA2F /* UIFont+LiiFUtils.h */,
				74C447453C61084FE6D8B6E2 /* UIFont+LiiFUtils.m */,
			);
			path = Utils;
			sourceTree = "<group>";
		};
		74C448DEEE70B08DE4C6FFEF /* 3rdPartyAccessors */ = {
			isa = PBXGroup;
			children = (
				74C44A435CD5001E7460B256 /* LiiF3rdPartyEngine.m */,
				74C44EC7AECE82C628FA2E6F /* LiiF3rdPartyEngine.h */,
			);
			path = 3rdPartyAccessors;
			sourceTree = "<group>";
		};
		74C44B582CD6523E1B01BAEF /* CollectionViewUtils */ = {
			isa = PBXGroup;
			children = (
				74C4447E1597EEBDA62B2C29 /* LiiFBusinessPlaceCollectionFlowLayout.h */,
				74C4449E36819DC24F1FE9D7 /* LiiFBusinessPlaceCollectionFlowLayout.m */,
				74C44321703F2371D482B7CD /* LiiFTitleCellView.h */,
				74C44A5020AC99253D6D52BE /* LiiFTitleCellView.m */,
				74C4462C6C9121A3D84D4871 /* LiiFImageCellView.m */,
				74C44D60A789A73E2258502A /* LiiFImageCellView.h */,
				74C445273A98CB1765801D2E /* LiiFInfoCellView.m */,
				74C44C492C73A5194BA1A834 /* LiiFInfoCellView.h */,
				74C44851706974DCF7B26390 /* LiiFToolbarCellView.m */,
				74C44D0E811F0AB9F22C1D4C /* LiiFToolbarCellView.h */,
			);
			path = CollectionViewUtils;
			sourceTree = "<group>";
		};
		74C44B9C60222BBBE20CF980 /* ExploreMapView */ = {
			isa = PBXGroup;
			children = (
				74C4476348E1F05AF0F37CD6 /* LiiFExploreMapViewController.m */,
				43FD676618DE7E5000B6FA88 /* LiiffeeBusinessAnnotation.h */,
				43FD676718DE7E5000B6FA88 /* LiiffeeBusinessAnnotation.m */,
				74C44DBBC3E8B3CBD84C22FA /* LiiFExploreMapViewController.h */,
				74C44098919921A0B19ED4D1 /* LiiFMapViewModel.m */,
				74C44D02484554945611D47F /* LiiFMapViewModel.h */,
			);
			path = ExploreMapView;
			sourceTree = "<group>";
		};
		74C44F5AC64521E23FE08A00 /* BusinessPlace */ = {
			isa = PBXGroup;
			children = (
				74C44B88606C654CFA544676 /* LiiFBusinessPlaceViewController.m */,
				74C44170F8F52248DA5225AD /* LiiFBusinessPlaceViewController.h */,
				74C4470B4F0AB51CD5355846 /* LiiFBusinessPlaceViewModel.m */,
				74C4492CD714C9A6BDF132FE /* LiiFBusinessPlaceViewModel.h */,
				74C44B582CD6523E1B01BAEF /* CollectionViewUtils */,
			);
			path = BusinessPlace;
			sourceTree = "<group>";
		};
/* End PBXGroup section */

/* Begin PBXNativeTarget section */
		31E5EF0418DDF79600B7541D /* IOSLiiffee */ = {
			isa = PBXNativeTarget;
			buildConfigurationList = 31E5EF3118DDF79600B7541D /* Build configuration list for PBXNativeTarget "IOSLiiffee" */;
			buildPhases = (
				F4AF8137F3BF481C9C3C0738 /* Check Pods Manifest.lock */,
				31E5EF0118DDF79600B7541D /* Sources */,
				31E5EF0218DDF79600B7541D /* Frameworks */,
				31E5EF0318DDF79600B7541D /* Resources */,
				8D61C2490635455EAF5A2F0C /* Copy Pods Resources */,
			);
			buildRules = (
			);
			dependencies = (
			);
			name = IOSLiiffee;
			productName = IOSLiiffee;
			productReference = 31E5EF0518DDF79600B7541D /* IOSLiiffee.app */;
			productType = "com.apple.product-type.application";
		};
		31E5EF1F18DDF79600B7541D /* IOSLiiffeeTests */ = {
			isa = PBXNativeTarget;
			buildConfigurationList = 31E5EF3418DDF79600B7541D /* Build configuration list for PBXNativeTarget "IOSLiiffeeTests" */;
			buildPhases = (
				31E5EF1C18DDF79600B7541D /* Sources */,
				31E5EF1D18DDF79600B7541D /* Frameworks */,
				31E5EF1E18DDF79600B7541D /* Resources */,
			);
			buildRules = (
			);
			dependencies = (
				31E5EF2618DDF79600B7541D /* PBXTargetDependency */,
			);
			name = IOSLiiffeeTests;
			productName = IOSLiiffeeTests;
			productReference = 31E5EF2018DDF79600B7541D /* IOSLiiffeeTests.xctest */;
			productType = "com.apple.product-type.bundle.unit-test";
		};
/* End PBXNativeTarget section */

/* Begin PBXProject section */
		31E5EEFD18DDF79600B7541D /* Project object */ = {
			isa = PBXProject;
			attributes = {
				LastUpgradeCheck = 0510;
				ORGANIZATIONNAME = Liiffee;
				TargetAttributes = {
					31E5EF1F18DDF79600B7541D = {
						TestTargetID = 31E5EF0418DDF79600B7541D;
					};
				};
			};
			buildConfigurationList = 31E5EF0018DDF79600B7541D /* Build configuration list for PBXProject "IOSLiiffee" */;
			compatibilityVersion = "Xcode 3.2";
			developmentRegion = English;
			hasScannedForEncodings = 0;
			knownRegions = (
				en,
			);
			mainGroup = 31E5EEFC18DDF79600B7541D;
			productRefGroup = 31E5EF0618DDF79600B7541D /* Products */;
			projectDirPath = "";
			projectRoot = "";
			targets = (
				31E5EF0418DDF79600B7541D /* IOSLiiffee */,
				31E5EF1F18DDF79600B7541D /* IOSLiiffeeTests */,
			);
		};
/* End PBXProject section */

/* Begin PBXResourcesBuildPhase section */
		31E5EF0318DDF79600B7541D /* Resources */ = {
			isa = PBXResourcesBuildPhase;
			buildActionMask = 2147483647;
			files = (
				31E5EF1318DDF79600B7541D /* InfoPlist.strings in Resources */,
				31E5EF1B18DDF79600B7541D /* Images.xcassets in Resources */,
			);
			runOnlyForDeploymentPostprocessing = 0;
		};
		31E5EF1E18DDF79600B7541D /* Resources */ = {
			isa = PBXResourcesBuildPhase;
			buildActionMask = 2147483647;
			files = (
				31E5EF2C18DDF79600B7541D /* InfoPlist.strings in Resources */,
			);
			runOnlyForDeploymentPostprocessing = 0;
		};
/* End PBXResourcesBuildPhase section */

/* Begin PBXShellScriptBuildPhase section */
		8D61C2490635455EAF5A2F0C /* Copy Pods Resources */ = {
			isa = PBXShellScriptBuildPhase;
			buildActionMask = 2147483647;
			files = (
			);
			inputPaths = (
			);
			name = "Copy Pods Resources";
			outputPaths = (
			);
			runOnlyForDeploymentPostprocessing = 0;
			shellPath = /bin/sh;
			shellScript = "\"${SRCROOT}/Pods/Pods-IOSLiiffee-resources.sh\"\n";
			showEnvVarsInLog = 0;
		};
		F4AF8137F3BF481C9C3C0738 /* Check Pods Manifest.lock */ = {
			isa = PBXShellScriptBuildPhase;
			buildActionMask = 2147483647;
			files = (
			);
			inputPaths = (
			);
			name = "Check Pods Manifest.lock";
			outputPaths = (
			);
			runOnlyForDeploymentPostprocessing = 0;
			shellPath = /bin/sh;
			shellScript = "diff \"${PODS_ROOT}/../Podfile.lock\" \"${PODS_ROOT}/Manifest.lock\" > /dev/null\nif [[ $? != 0 ]] ; then\n    cat << EOM\nerror: The sandbox is not in sync with the Podfile.lock. Run 'pod install' or update your CocoaPods installation.\nEOM\n    exit 1\nfi\n";
			showEnvVarsInLog = 0;
		};
/* End PBXShellScriptBuildPhase section */

/* Begin PBXSourcesBuildPhase section */
		31E5EF0118DDF79600B7541D /* Sources */ = {
			isa = PBXSourcesBuildPhase;
			buildActionMask = 2147483647;
			files = (
				31E5EF1918DDF79600B7541D /* AppDelegate.m in Sources */,
				31E5EF1518DDF79600B7541D /* main.m in Sources */,
				74C4444FA6EDC0A96EB7C3FA /* LiiF3rdPartyEngine.m in Sources */,
				74C44220FF1AB9096F039F0B /* EGOCache+NSArray.m in Sources */,
				74C44D738576DE440EB2FAAB /* LiiFExploreMapViewController.m in Sources */,
				74C4432B034E1FC8322AE865 /* LiiFMapViewModel.m in Sources */,
				74C4426A0E2F4F79E75149D4 /* UIColor+LiiFUtils.m in Sources */,
				74C4461E04BED5FA25D6B722 /* UIFont+LiiFUtils.m in Sources */,
				74C444B9A1013E5F4A12AD68 /* LiiFBusinessPlaceViewController.m in Sources */,
				74C44629AB656270A3C38726 /* LiiFBusinessPlaceViewModel.m in Sources */,
				74C447014D4D3C7B753C5C47 /* LiiFBusinessPlaceCollectionFlowLayout.m in Sources */,
				74C44BDE7C3E14EDE73B4FA6 /* LiiFTitleCellView.m in Sources */,
				74C44714C48D0EE6A6E4669E /* LiiFImageCellView.m in Sources */,
				74C445EF8FA6C8D548D2ABE5 /* LiiFInfoCellView.m in Sources */,
				43FD676818DE7E5000B6FA88 /* LiiffeeBusinessAnnotation.m in Sources */,
				74C44D6E413C2A250A0BED0C /* LiiFToolbarCellView.m in Sources */,
			);
			runOnlyForDeploymentPostprocessing = 0;
		};
		31E5EF1C18DDF79600B7541D /* Sources */ = {
			isa = PBXSourcesBuildPhase;
			buildActionMask = 2147483647;
			files = (
				31E5EF2E18DDF79600B7541D /* IOSLiiffeeTests.m in Sources */,
			);
			runOnlyForDeploymentPostprocessing = 0;
		};
/* End PBXSourcesBuildPhase section */

/* Begin PBXTargetDependency section */
		31E5EF2618DDF79600B7541D /* PBXTargetDependency */ = {
			isa = PBXTargetDependency;
			target = 31E5EF0418DDF79600B7541D /* IOSLiiffee */;
			targetProxy = 31E5EF2518DDF79600B7541D /* PBXContainerItemProxy */;
		};
/* End PBXTargetDependency section */

/* Begin PBXVariantGroup section */
		31E5EF1118DDF79600B7541D /* InfoPlist.strings */ = {
			isa = PBXVariantGroup;
			children = (
				31E5EF1218DDF79600B7541D /* en */,
			);
			name = InfoPlist.strings;
			sourceTree = "<group>";
		};
		31E5EF2A18DDF79600B7541D /* InfoPlist.strings */ = {
			isa = PBXVariantGroup;
			children = (
				31E5EF2B18DDF79600B7541D /* en */,
			);
			name = InfoPlist.strings;
			sourceTree = "<group>";
		};
/* End PBXVariantGroup section */

/* Begin XCBuildConfiguration section */
		31E5EF2F18DDF79600B7541D /* Debug */ = {
			isa = XCBuildConfiguration;
			buildSettings = {
				ALWAYS_SEARCH_USER_PATHS = NO;
				CLANG_CXX_LANGUAGE_STANDARD = "gnu++0x";
				CLANG_CXX_LIBRARY = "libc++";
				CLANG_ENABLE_MODULES = YES;
				CLANG_ENABLE_OBJC_ARC = YES;
				CLANG_WARN_BOOL_CONVERSION = YES;
				CLANG_WARN_CONSTANT_CONVERSION = YES;
				CLANG_WARN_DIRECT_OBJC_ISA_USAGE = YES_ERROR;
				CLANG_WARN_EMPTY_BODY = YES;
				CLANG_WARN_ENUM_CONVERSION = YES;
				CLANG_WARN_INT_CONVERSION = YES;
				CLANG_WARN_OBJC_ROOT_CLASS = YES_ERROR;
				CLANG_WARN__DUPLICATE_METHOD_MATCH = YES;
				"CODE_SIGN_IDENTITY[sdk=iphoneos*]" = "iPhone Developer";
				COPY_PHASE_STRIP = NO;
				GCC_C_LANGUAGE_STANDARD = gnu99;
				GCC_DYNAMIC_NO_PIC = NO;
				GCC_OPTIMIZATION_LEVEL = 0;
				GCC_PREPROCESSOR_DEFINITIONS = (
					"DEBUG=1",
					"$(inherited)",
				);
				GCC_SYMBOLS_PRIVATE_EXTERN = NO;
				GCC_WARN_64_TO_32_BIT_CONVERSION = YES;
				GCC_WARN_ABOUT_RETURN_TYPE = YES_ERROR;
				GCC_WARN_UNDECLARED_SELECTOR = YES;
				GCC_WARN_UNINITIALIZED_AUTOS = YES_AGGRESSIVE;
				GCC_WARN_UNUSED_FUNCTION = YES;
				GCC_WARN_UNUSED_VARIABLE = YES;
				IPHONEOS_DEPLOYMENT_TARGET = 7.1;
				ONLY_ACTIVE_ARCH = YES;
				SDKROOT = iphoneos;
				TARGETED_DEVICE_FAMILY = "1,2";
			};
			name = Debug;
		};
		31E5EF3018DDF79600B7541D /* Release */ = {
			isa = XCBuildConfiguration;
			buildSettings = {
				ALWAYS_SEARCH_USER_PATHS = NO;
				CLANG_CXX_LANGUAGE_STANDARD = "gnu++0x";
				CLANG_CXX_LIBRARY = "libc++";
				CLANG_ENABLE_MODULES = YES;
				CLANG_ENABLE_OBJC_ARC = YES;
				CLANG_WARN_BOOL_CONVERSION = YES;
				CLANG_WARN_CONSTANT_CONVERSION = YES;
				CLANG_WARN_DIRECT_OBJC_ISA_USAGE = YES_ERROR;
				CLANG_WARN_EMPTY_BODY = YES;
				CLANG_WARN_ENUM_CONVERSION = YES;
				CLANG_WARN_INT_CONVERSION = YES;
				CLANG_WARN_OBJC_ROOT_CLASS = YES_ERROR;
				CLANG_WARN__DUPLICATE_METHOD_MATCH = YES;
				"CODE_SIGN_IDENTITY[sdk=iphoneos*]" = "iPhone Developer";
				COPY_PHASE_STRIP = YES;
				ENABLE_NS_ASSERTIONS = NO;
				GCC_C_LANGUAGE_STANDARD = gnu99;
				GCC_WARN_64_TO_32_BIT_CONVERSION = YES;
				GCC_WARN_ABOUT_RETURN_TYPE = YES_ERROR;
				GCC_WARN_UNDECLARED_SELECTOR = YES;
				GCC_WARN_UNINITIALIZED_AUTOS = YES_AGGRESSIVE;
				GCC_WARN_UNUSED_FUNCTION = YES;
				GCC_WARN_UNUSED_VARIABLE = YES;
				IPHONEOS_DEPLOYMENT_TARGET = 7.1;
				SDKROOT = iphoneos;
				TARGETED_DEVICE_FAMILY = "1,2";
				VALIDATE_PRODUCT = YES;
			};
			name = Release;
		};
		31E5EF3218DDF79600B7541D /* Debug */ = {
			isa = XCBuildConfiguration;
			baseConfigurationReference = FE4E21B45C004EE4B98BFA3A /* Pods-IOSLiiffee.xcconfig */;
			buildSettings = {
				ASSETCATALOG_COMPILER_APPICON_NAME = AppIcon;
				ASSETCATALOG_COMPILER_LAUNCHIMAGE_NAME = LaunchImage;
				GCC_PRECOMPILE_PREFIX_HEADER = YES;
				GCC_PREFIX_HEADER = "IOSLiiffee/IOSLiiffee-Prefix.pch";
				INFOPLIST_FILE = "IOSLiiffee/IOSLiiffee-Info.plist";
				PRODUCT_NAME = "$(TARGET_NAME)";
				WRAPPER_EXTENSION = app;
			};
			name = Debug;
		};
		31E5EF3318DDF79600B7541D /* Release */ = {
			isa = XCBuildConfiguration;
			baseConfigurationReference = FE4E21B45C004EE4B98BFA3A /* Pods-IOSLiiffee.xcconfig */;
			buildSettings = {
				ASSETCATALOG_COMPILER_APPICON_NAME = AppIcon;
				ASSETCATALOG_COMPILER_LAUNCHIMAGE_NAME = LaunchImage;
				GCC_PRECOMPILE_PREFIX_HEADER = YES;
				GCC_PREFIX_HEADER = "IOSLiiffee/IOSLiiffee-Prefix.pch";
				INFOPLIST_FILE = "IOSLiiffee/IOSLiiffee-Info.plist";
				PRODUCT_NAME = "$(TARGET_NAME)";
				WRAPPER_EXTENSION = app;
			};
			name = Release;
		};
		31E5EF3518DDF79600B7541D /* Debug */ = {
			isa = XCBuildConfiguration;
			buildSettings = {
				BUNDLE_LOADER = "$(BUILT_PRODUCTS_DIR)/IOSLiiffee.app/IOSLiiffee";
				FRAMEWORK_SEARCH_PATHS = (
					"$(SDKROOT)/Developer/Library/Frameworks",
					"$(inherited)",
					"$(DEVELOPER_FRAMEWORKS_DIR)",
				);
				GCC_PRECOMPILE_PREFIX_HEADER = YES;
				GCC_PREFIX_HEADER = "IOSLiiffee/IOSLiiffee-Prefix.pch";
				GCC_PREPROCESSOR_DEFINITIONS = (
					"DEBUG=1",
					"$(inherited)",
				);
				INFOPLIST_FILE = "IOSLiiffeeTests/IOSLiiffeeTests-Info.plist";
				PRODUCT_NAME = "$(TARGET_NAME)";
				TEST_HOST = "$(BUNDLE_LOADER)";
				WRAPPER_EXTENSION = xctest;
			};
			name = Debug;
		};
		31E5EF3618DDF79600B7541D /* Release */ = {
			isa = XCBuildConfiguration;
			buildSettings = {
				BUNDLE_LOADER = "$(BUILT_PRODUCTS_DIR)/IOSLiiffee.app/IOSLiiffee";
				FRAMEWORK_SEARCH_PATHS = (
					"$(SDKROOT)/Developer/Library/Frameworks",
					"$(inherited)",
					"$(DEVELOPER_FRAMEWORKS_DIR)",
				);
				GCC_PRECOMPILE_PREFIX_HEADER = YES;
				GCC_PREFIX_HEADER = "IOSLiiffee/IOSLiiffee-Prefix.pch";
				INFOPLIST_FILE = "IOSLiiffeeTests/IOSLiiffeeTests-Info.plist";
				PRODUCT_NAME = "$(TARGET_NAME)";
				TEST_HOST = "$(BUNDLE_LOADER)";
				WRAPPER_EXTENSION = xctest;
			};
			name = Release;
		};
/* End XCBuildConfiguration section */

/* Begin XCConfigurationList section */
		31E5EF0018DDF79600B7541D /* Build configuration list for PBXProject "IOSLiiffee" */ = {
			isa = XCConfigurationList;
			buildConfigurations = (
				31E5EF2F18DDF79600B7541D /* Debug */,
				31E5EF3018DDF79600B7541D /* Release */,
			);
			defaultConfigurationIsVisible = 0;
			defaultConfigurationName = Release;
		};
		31E5EF3118DDF79600B7541D /* Build configuration list for PBXNativeTarget "IOSLiiffee" */ = {
			isa = XCConfigurationList;
			buildConfigurations = (
				31E5EF3218DDF79600B7541D /* Debug */,
				31E5EF3318DDF79600B7541D /* Release */,
			);
			defaultConfigurationIsVisible = 0;
			defaultConfigurationName = Release;
		};
		31E5EF3418DDF79600B7541D /* Build configuration list for PBXNativeTarget "IOSLiiffeeTests" */ = {
			isa = XCConfigurationList;
			buildConfigurations = (
				31E5EF3518DDF79600B7541D /* Debug */,
				31E5EF3618DDF79600B7541D /* Release */,
			);
			defaultConfigurationIsVisible = 0;
			defaultConfigurationName = Release;
		};
/* End XCConfigurationList section */
	};
	rootObject = 31E5EEFD18DDF79600B7541D /* Project object */;
}
